
Microsoft Visual Studio Solution File, Format Version 12.00
# Visual Studio Version 16
VisualStudioVersion = 16.0.30717.126
MinimumVisualStudioVersion = 10.0.40219.1
Project("{FAE04EC0-301F-11D3-BF4B-00C04F79EFBC}") = "WebSiteValidation", "WebSiteValidation\WebSiteValidation.csproj", "{B4F49CA8-1546-4B4B-999B-56DD2757C4A6}"
EndProject
Global
	GlobalSection(SolutionConfigurationPlatforms) = preSolution
		Debug|Any CPU = Debug|Any CPU
		Release|Any CPU = Release|Any CPU
	EndGlobalSection
	GlobalSection(ProjectConfigurationPlatforms) = postSolution
		{B4F49CA8-1546-4B4B-999B-56DD2757C4A6}.Debug|Any CPU.ActiveCfg = Debug|Any CPU
		{B4F49CA8-1546-4B4B-999B-56DD2757C4A6}.Debug|Any CPU.Build.0 = Debug|Any CPU
		{B4F49CA8-1546-4B4B-999B-56DD2757C4A6}.Release|Any CPU.ActiveCfg = Release|Any CPU
		{B4F49CA8-1546-4B4B-999B-56DD2757C4A6}.Release|Any CPU.Build.0 = Release|Any CPU
	EndGlobalSection
	GlobalSection(SolutionProperties) = preSolution
		HideSolutionNode = FALSE
	EndGlobalSection
	GlobalSection(ExtensibilityGlobals) = postSolution
		SolutionGuid = {75408D7F-CFAC-41E1-9D72-732507943CDA}
	EndGlobalSection
EndGlobal
